
Microsoft Visual Studio Solution File, Format Version 12.00
Project("{FAE04EC0-301F-11D3-BF4B-00C04F79EFBC}") = "DoctorAppointmentWebApi.CreateReport", "DoctorAppointmentWebApi.CreateReport.csproj", "{BBE97397-C2B0-424A-A647-CA98D73850B1}"
EndProject
Global
	GlobalSection(SolutionConfigurationPlatforms) = preSolution
		Debug|Any CPU = Debug|Any CPU
		Release|Any CPU = Release|Any CPU
	EndGlobalSection
	GlobalSection(ProjectConfigurationPlatforms) = postSolution
		{BBE97397-C2B0-424A-A647-CA98D73850B1}.Debug|Any CPU.ActiveCfg = Debug|Any CPU
		{BBE97397-C2B0-424A-A647-CA98D73850B1}.Debug|Any CPU.Build.0 = Debug|Any CPU
		{BBE97397-C2B0-424A-A647-CA98D73850B1}.Release|Any CPU.ActiveCfg = Release|Any CPU
		{BBE97397-C2B0-424A-A647-CA98D73850B1}.Release|Any CPU.Build.0 = Release|Any CPU
	EndGlobalSection
EndGlobal
